
Microsoft Visual Studio Solution File, Format Version 12.00
# Visual Studio Version 17
VisualStudioVersion = 17.3.32929.385
MinimumVisualStudioVersion = 10.0.40219.1
Project("{FAE04EC0-301F-11D3-BF4B-00C04F79EFBC}") = "Blackjack", "Blackjack.csproj", "{A8D26F81-8C1A-4F4A-A5D4-DF84212F136C}"
EndProject
Global
	GlobalSection(SolutionConfigurationPlatforms) = preSolution
		Debug|Any CPU = Debug|Any CPU
		Release|Any CPU = Release|Any CPU
	EndGlobalSection
	GlobalSection(ProjectConfigurationPlatforms) = postSolution
		{A8D26F81-8C1A-4F4A-A5D4-DF84212F136C}.Debug|Any CPU.ActiveCfg = Debug|Any CPU
		{A8D26F81-8C1A-4F4A-A5D4-DF84212F136C}.Debug|Any CPU.Build.0 = Debug|Any CPU
		{A8D26F81-8C1A-4F4A-A5D4-DF84212F136C}.Release|Any CPU.ActiveCfg = Release|Any CPU
		{A8D26F81-8C1A-4F4A-A5D4-DF84212F136C}.Release|Any CPU.Build.0 = Release|Any CPU
	EndGlobalSection
	GlobalSection(SolutionProperties) = preSolution
		HideSolutionNode = FALSE
	EndGlobalSection
	GlobalSection(ExtensibilityGlobals) = postSolution
		SolutionGuid = {81978779-7125-4F02-8716-9926E4AC147E}
	EndGlobalSection
EndGlobal
